
Microsoft Visual Studio Solution File, Format Version 12.00
# Visual Studio Version 16
VisualStudioVersion = 16.0.30320.27
MinimumVisualStudioVersion = 10.0.40219.1
Project("{FAE04EC0-301F-11D3-BF4B-00C04F79EFBC}") = "Using_block", "Using_block\Using_block.csproj", "{2388EEB9-4857-4054-970F-DB19243E6913}"
EndProject
Global
	GlobalSection(SolutionConfigurationPlatforms) = preSolution
		Debug|Any CPU = Debug|Any CPU
		Release|Any CPU = Release|Any CPU
	EndGlobalSection
	GlobalSection(ProjectConfigurationPlatforms) = postSolution
		{2388EEB9-4857-4054-970F-DB19243E6913}.Debug|Any CPU.ActiveCfg = Debug|Any CPU
		{2388EEB9-4857-4054-970F-DB19243E6913}.Debug|Any CPU.Build.0 = Debug|Any CPU
		{2388EEB9-4857-4054-970F-DB19243E6913}.Release|Any CPU.ActiveCfg = Release|Any CPU
		{2388EEB9-4857-4054-970F-DB19243E6913}.Release|Any CPU.Build.0 = Release|Any CPU
	EndGlobalSection
	GlobalSection(SolutionProperties) = preSolution
		HideSolutionNode = FALSE
	EndGlobalSection
	GlobalSection(ExtensibilityGlobals) = postSolution
		SolutionGuid = {4701C4D9-BA57-43AF-AB59-34B018FEEB10}
	EndGlobalSection
EndGlobal
